
Microsoft Visual Studio Solution File, Format Version 12.00
# Visual Studio Version 16
VisualStudioVersion = 16.0.32106.194
MinimumVisualStudioVersion = 10.0.40219.1
Project("{FAE04EC0-301F-11D3-BF4B-00C04F79EFBC}") = "FinalCode", "FinalCode.csproj", "{DCAEEC3E-07F0-42F9-BAFB-1E7E34950D65}"
EndProject
Global
	GlobalSection(SolutionConfigurationPlatforms) = preSolution
		Debug|Any CPU = Debug|Any CPU
		Release|Any CPU = Release|Any CPU
	EndGlobalSection
	GlobalSection(ProjectConfigurationPlatforms) = postSolution
		{DCAEEC3E-07F0-42F9-BAFB-1E7E34950D65}.Debug|Any CPU.ActiveCfg = Debug|Any CPU
		{DCAEEC3E-07F0-42F9-BAFB-1E7E34950D65}.Debug|Any CPU.Build.0 = Debug|Any CPU
		{DCAEEC3E-07F0-42F9-BAFB-1E7E34950D65}.Release|Any CPU.ActiveCfg = Release|Any CPU
		{DCAEEC3E-07F0-42F9-BAFB-1E7E34950D65}.Release|Any CPU.Build.0 = Release|Any CPU
	EndGlobalSection
	GlobalSection(SolutionProperties) = preSolution
		HideSolutionNode = FALSE
	EndGlobalSection
	GlobalSection(ExtensibilityGlobals) = postSolution
		SolutionGuid = {79CA87C5-0D89-43B7-9E26-1F3E80CFC863}
	EndGlobalSection
EndGlobal
